
Microsoft Visual Studio Solution File, Format Version 12.00
# Visual Studio Version 17
VisualStudioVersion = 17.9.34526.213
MinimumVisualStudioVersion = 10.0.40219.1
Project("{FAE04EC0-301F-11D3-BF4B-00C04F79EFBC}") = "Module_10_OOP_WPF", "Module_10_OOP_WPF.csproj", "{95517EF3-4FC1-48B2-AEDE-17DBD04E1F1B}"
EndProject
Global
	GlobalSection(SolutionConfigurationPlatforms) = preSolution
		Debug|Any CPU = Debug|Any CPU
		Release|Any CPU = Release|Any CPU
	EndGlobalSection
	GlobalSection(ProjectConfigurationPlatforms) = postSolution
		{95517EF3-4FC1-48B2-AEDE-17DBD04E1F1B}.Debug|Any CPU.ActiveCfg = Debug|Any CPU
		{95517EF3-4FC1-48B2-AEDE-17DBD04E1F1B}.Debug|Any CPU.Build.0 = Debug|Any CPU
		{95517EF3-4FC1-48B2-AEDE-17DBD04E1F1B}.Release|Any CPU.ActiveCfg = Release|Any CPU
		{95517EF3-4FC1-48B2-AEDE-17DBD04E1F1B}.Release|Any CPU.Build.0 = Release|Any CPU
	EndGlobalSection
	GlobalSection(SolutionProperties) = preSolution
		HideSolutionNode = FALSE
	EndGlobalSection
	GlobalSection(ExtensibilityGlobals) = postSolution
		SolutionGuid = {40D80EEE-3002-4E0D-AFDA-EF9EBC550080}
	EndGlobalSection
EndGlobal
